
Microsoft Visual Studio Solution File, Format Version 12.00
# Visual Studio Version 17
VisualStudioVersion = 17.3.32901.215
MinimumVisualStudioVersion = 10.0.40219.1
Project("{FAE04EC0-301F-11D3-BF4B-00C04F79EFBC}") = "ExerciseMatrix01", "ExerciseMatrix01\ExerciseMatrix01.csproj", "{EFF20A43-4BB2-4D17-9368-8854DDC64C7B}"
EndProject
Global
	GlobalSection(SolutionConfigurationPlatforms) = preSolution
		Debug|Any CPU = Debug|Any CPU
		Release|Any CPU = Release|Any CPU
	EndGlobalSection
	GlobalSection(ProjectConfigurationPlatforms) = postSolution
		{EFF20A43-4BB2-4D17-9368-8854DDC64C7B}.Debug|Any CPU.ActiveCfg = Debug|Any CPU
		{EFF20A43-4BB2-4D17-9368-8854DDC64C7B}.Debug|Any CPU.Build.0 = Debug|Any CPU
		{EFF20A43-4BB2-4D17-9368-8854DDC64C7B}.Release|Any CPU.ActiveCfg = Release|Any CPU
		{EFF20A43-4BB2-4D17-9368-8854DDC64C7B}.Release|Any CPU.Build.0 = Release|Any CPU
	EndGlobalSection
	GlobalSection(SolutionProperties) = preSolution
		HideSolutionNode = FALSE
	EndGlobalSection
	GlobalSection(ExtensibilityGlobals) = postSolution
		SolutionGuid = {2E3F3659-B986-45E6-8047-4DF027A97D70}
	EndGlobalSection
EndGlobal
